# This file was autogenerated by Stack.
# You should not edit this file by hand.
# For more information, please see the documentation at:
#   https://docs.haskellstack.org/en/stable/lock_files

packages:
- completed:
    hackage: bytebuild-0.3.7.0@sha256:dd3cd96f44670f6c38539d6a6b210afd19a1ff4883f92c96862c33de277f308e,2982
    pantry-tree:
      size: 844
      sha256: 7445e3458b19692565380ea63ffdb4f24f7619e35cff14ed9d6b73707fee4cee
  original:
    hackage: bytebuild-0.3.7.0@sha256:dd3cd96f44670f6c38539d6a6b210afd19a1ff4883f92c96862c33de277f308e,2982
- completed:
    hackage: byteslice-0.2.5.2@sha256:9f23721c56eb570f0eb0150f0cdc66aa5d1a86eaf8c1f8ab0591ee30781c1a5a,2319
    pantry-tree:
      size: 1167
      sha256: 688588fc3c46d6522a7c953b5c9ccb60016dd20c551632f71aa5a8ebc60a2b95
  original:
    hackage: byteslice-0.2.5.2@sha256:9f23721c56eb570f0eb0150f0cdc66aa5d1a86eaf8c1f8ab0591ee30781c1a5a,2319
- completed:
    hackage: bytesmith-0.3.7.0@sha256:a11e4ca0fb72cd966c21d82dcc2eb7f3aa748b3fbfe30ab6c7fa8beea38c8e83,1863
    pantry-tree:
      size: 1185
      sha256: 3396c1b29577cff2491382d0b144fe586c75987e9ad28bc0cadbc88a97ee7315
  original:
    hackage: bytesmith-0.3.7.0@sha256:a11e4ca0fb72cd966c21d82dcc2eb7f3aa748b3fbfe30ab6c7fa8beea38c8e83,1863
- completed:
    hackage: contiguous-0.5.2@sha256:037b150636ace09fd436487f939341c79ed3315f38c3c932cda4274ba12e00d2,1877
    pantry-tree:
      size: 442
      sha256: ae2e3cdcfd4eb93c6db4812e173b52e77c3b0805a2f5148332a4a5e89c504c97
  original:
    hackage: contiguous-0.5.2@sha256:037b150636ace09fd436487f939341c79ed3315f38c3c932cda4274ba12e00d2,1877
- completed:
    hackage: ip-1.7.3@sha256:b2557931d271927898a57fae6883486bae29291ea09a6680fd9a176f45016205,3742
    pantry-tree:
      size: 1437
      sha256: 28fe2c39f489c3d7315ae098e5500b5a76035d02ed371e7d833c45f74f8d9b38
  original:
    hackage: ip-1.7.3@sha256:b2557931d271927898a57fae6883486bae29291ea09a6680fd9a176f45016205,3742
- completed:
    hackage: natural-arithmetic-0.1.2.0@sha256:ac25a0561c8378530a62f02df83680afb193ed1059bb43e3130e0074b5b3f16b,3411
    pantry-tree:
      size: 716
      sha256: e1e5b16f53fe2a7378d38dcae5069dcc1c6e37f8e1473f091ae1f7d788b1c688
  original:
    hackage: natural-arithmetic-0.1.2.0@sha256:ac25a0561c8378530a62f02df83680afb193ed1059bb43e3130e0074b5b3f16b,3411
- completed:
    name: ping
    version: 0.1.0.3
    git: https://github.com/andrewthad/ping.git
    pantry-tree:
      size: 1059
      sha256: 394f5c70fbc5f8b3e59b2d51517375e31eafa0e27428b8a7c825a596ac61cbb6
    commit: b503843ff47f3ec6d7747618ce73b34a67d3000d
  original:
    git: https://github.com/andrewthad/ping.git
    commit: b503843ff47f3ec6d7747618ce73b34a67d3000d
- completed:
    hackage: posix-api-0.3.5.0@sha256:6496045cd9862ca529823120031402a4349ef5c39815a802dca5308e3779186e,4743
    pantry-tree:
      size: 2085
      sha256: 746b54ed01b10fee447a4d58210be2925efbda410b570b41af54e6b44d9064c3
  original:
    hackage: posix-api-0.3.5.0@sha256:6496045cd9862ca529823120031402a4349ef5c39815a802dca5308e3779186e,4743
- completed:
    hackage: primitive-containers-0.4.1@sha256:bfd76a8e550d86dc41aca1a96cbadc76636c2f60ecf3695601709fe2f3412c02,3310
    pantry-tree:
      size: 3216
      sha256: 0bb300829093ac3073cab5d0a8bf819093df13cb8bed8c156a93e5dc0cdf0e16
  original:
    hackage: primitive-containers-0.4.1@sha256:bfd76a8e550d86dc41aca1a96cbadc76636c2f60ecf3695601709fe2f3412c02,3310
- completed:
    hackage: primitive-offset-0.2.0.0@sha256:f8006927d5c0a3e83707610bbc5514aabe8f84a907ecb07edd2c815f58299dea,843
    pantry-tree:
      size: 368
      sha256: 6dbc2fbfd70920a1de5a76d3715506edc0895c81a2f7b856d3abb027865d4605
  original:
    hackage: primitive-offset-0.2.0.0@sha256:f8006927d5c0a3e83707610bbc5514aabe8f84a907ecb07edd2c815f58299dea,843
- completed:
    hackage: primitive-sort-0.1.0.0@sha256:631f605f66d310e5677f7e32c87a0ea4b2d60efc2073db6b769b18b69212f798,2011
    pantry-tree:
      size: 435
      sha256: 92a5a98589bdba5f9421ae16d0f54f388d5d53b365a7dedb1655fe787caac13f
  original:
    hackage: primitive-sort-0.1.0.0@sha256:631f605f66d310e5677f7e32c87a0ea4b2d60efc2073db6b769b18b69212f798,2011
- completed:
    hackage: run-st-0.1.1.0@sha256:a43245bb23984089016772481bf52bfe63eaff0c5040303f69c9b15e80872fdc,883
    pantry-tree:
      size: 269
      sha256: 06d5d7ecf185a26c15e48cda6c30e8865dae715c528a31466701272fae36d822
  original:
    hackage: run-st-0.1.1.0@sha256:a43245bb23984089016772481bf52bfe63eaff0c5040303f69c9b15e80872fdc,883
- completed:
    hackage: tuples-0.1.0.0@sha256:7006c1cab721ad3e39cdbf1ccb07ec050b94d654cc6e39277d46241eee6ac7c9,1088
    pantry-tree:
      size: 320
      sha256: 57009cc671ed8e43738be3bf7b1392461ad086083df633a2f4f9c7206a14a79c
  original:
    hackage: tuples-0.1.0.0@sha256:7006c1cab721ad3e39cdbf1ccb07ec050b94d654cc6e39277d46241eee6ac7c9,1088
snapshots:
- completed:
    size: 587821
    url: https://raw.githubusercontent.com/commercialhaskell/stackage-snapshots/master/lts/18/24.yaml
    sha256: 06d844ba51e49907bd29cb58b4a5f86ee7587a4cd7e6cf395eeec16cba619ce8
  original:
    url: https://raw.githubusercontent.com/commercialhaskell/stackage-snapshots/master/lts/18/24.yaml
